{
  "object": {
    "pins": [
      {
        "package": "DefaultNetworkOperationPackage",
        "repositoryURL": "https://github.com/husnutass/DefaultNetworkOperationPackage",
        "state": {
          "branch": null,
          "revision": "f321d82638b579a5453df3b1b270df48b69c17cf",
          "version": "1.0.0"
        }
      },
      {
        "package": "Kingfisher",
        "repositoryURL": "https://github.com/onevcat/Kingfisher.git",
        "state": {
          "branch": null,
          "revision": "318e319998bf555c3e914d5c3adb6da05af86a32",
          "version": "7.1.1"
        }
      }
    ]
  },
  "version": 1
}
